<?xml version="1.0" encoding="utf-8"?>
<Project ToolsVersion="4.0" xmlns="http://schemas.microsoft.com/developer/msbuild/2003">
  <ItemGroup>
    <ClCompile Include="Client.cpp" />
    <ClCompile Include="GameManager.cpp" />
    <ClCompile Include="main.cpp" />
    <ClCompile Include="Mesh.cpp" />
    <ClCompile Include="Model.cpp" />
    <ClCompile Include="Player.cpp" />
    <ClCompile Include="shader.cpp" />
    <ClCompile Include="stb_image.cpp" />
    <ClCompile Include="Window.cpp" />
    <ClCompile Include="NPC.cpp" />
    <ClCompile Include="Map.cpp" />
    <ClCompile Include="Tools.cpp" />
    <ClCompile Include="SabotageItem.cpp" />
    <ClCompile Include="Plot.cpp" />
    <ClCompile Include="Vegetable.cpp" />
    <ClCompile Include="Collidable.cpp" />
    <ClCompile Include="Harvestable.cpp" />
    <ClCompile Include="Holdable.cpp" />
    <ClCompile Include="InputManager.cpp" />
    <ClCompile Include="Server.cpp" />
  </ItemGroup>
  <ItemGroup>
    <ClInclude Include="Client.h" />
    <ClInclude Include="assimpConvert.h" />
    <ClInclude Include="GameManager.h" />
    <ClInclude Include="main.h" />
    <ClInclude Include="Mesh.h" />
    <ClInclude Include="Model.h" />
    <ClInclude Include="Player.h" />
    <ClInclude Include="shader.h" />
    <ClInclude Include="stb_image.h" />
    <ClInclude Include="Window.h" />
    <ClInclude Include="Vegetable.h" />
    <ClInclude Include="Tools.h" />
    <ClInclude Include="Plot.h" />
    <ClInclude Include="NPC.h" />
    <ClInclude Include="Map.h" />
    <ClInclude Include="Collidable.h" />
    <ClInclude Include="Drawable.h" />
    <ClInclude Include="GameEntity.h" />
    <ClInclude Include="Harvestable.h" />
    <ClInclude Include="InputManager.h" />
    <ClInclude Include="Interactable.h" />
    <ClInclude Include="Sabotageable.h" />
    <ClInclude Include="Server.h" />
  </ItemGroup>
  <ItemGroup>
    <None Include="packages.config" />
    <None Include="shaders\animation.frag" />
    <None Include="shaders\animation.vert" />
    <None Include="shaders\model.frag" />
    <None Include="shaders\model.vert" />
    <None Include="shaders\shader.frag" />
    <None Include="shaders\shader.vert" />
  </ItemGroup>
</Project>