<?xml version="1.0" encoding="utf-8"?>
<Project ToolsVersion="4.0" xmlns="http://schemas.microsoft.com/developer/msbuild/2003">
  <ItemGroup>
    <ClCompile Include="Network\Client.cpp" />
    <ClCompile Include="GameManager.cpp" />
    <ClCompile Include="main.cpp" />
    <ClCompile Include="Mesh.cpp" />
    <ClCompile Include="Model.cpp" />
    <ClCompile Include="Player.cpp" />
    <ClCompile Include="shader.cpp" />
    <ClCompile Include="stb_image.cpp" />
    <ClCompile Include="Window.cpp" />
    <ClCompile Include="NPC.cpp" />
    <ClCompile Include="Map.cpp" />
    <ClCompile Include="Plot.cpp" />
    <ClCompile Include="Vegetable.cpp" />
    <ClCompile Include="InputManager.cpp" />
    <ClCompile Include="Network\Server.cpp" />
    <ClCompile Include="ColliderCircle.cpp" />
    <ClCompile Include="PhysicsEngine.cpp" />
    <ClCompile Include="DepthMap.cpp" />
    <ClCompile Include="UI\imgui\imgui_impl_opengl3.cpp" />
    <ClCompile Include="UI\imgui\imgui_tables.cpp" />
    <ClCompile Include="UI\imgui\imgui_widgets.cpp" />
    <ClCompile Include="UI\imgui\imgui.cpp" />
    <ClCompile Include="UI\imgui\imgui_demo.cpp" />
    <ClCompile Include="UI\imgui\imgui_draw.cpp" />
    <ClCompile Include="UI\imgui\imgui_impl_glfw.cpp" />
    <ClCompile Include="UI\GUI.cpp" />
    <ClCompile Include="ColliderAABB.cpp" />
    <ClCompile Include="Seed.cpp" />
    <ClCompile Include="World.cpp" />
    <ClCompile Include="FBO.cpp" />
    <ClCompile Include="Particle.cpp" />
    <ClCompile Include="GardenTool.cpp" />
    <ClCompile Include="Shovel.cpp" />
    <ClCompile Include="Hoe.cpp" />
    <ClCompile Include="Poison.cpp" />
    <ClCompile Include="VeggieNet.cpp" />
    <ClCompile Include="WateringCan.cpp" />
    <ClCompile Include="Fertilizer.cpp" />
    <ClCompile Include="ServerMain.cpp" />
    <ClCompile Include="Glue.cpp" />
  </ItemGroup>
  <ItemGroup>
    <ClInclude Include="Network\Client.h" />
    <ClInclude Include="assimpConvert.h" />
    <ClInclude Include="GameManager.h" />
    <ClInclude Include="main.h" />
    <ClInclude Include="Mesh.h" />
    <ClInclude Include="Model.h" />
    <ClInclude Include="Player.h" />
    <ClInclude Include="shader.h" />
    <ClInclude Include="stb_image.h" />
    <ClInclude Include="Window.h" />
    <ClInclude Include="Vegetable.h" />
    <ClInclude Include="Plot.h" />
    <ClInclude Include="NPC.h" />
    <ClInclude Include="Map.h" />
    <ClInclude Include="Drawable.h" />
    <ClInclude Include="GameEntity.h" />
    <ClInclude Include="Harvestable.h" />
    <ClInclude Include="InputManager.h" />
    <ClInclude Include="Interactable.h" />
    <ClInclude Include="Network\Server.h" />
    <ClInclude Include="ColliderAABB.h" />
    <ClInclude Include="PhysicsObject.h" />
    <ClInclude Include="Collider.h" />
    <ClInclude Include="ColliderCircle.h" />
    <ClInclude Include="PhysicsEngine.h" />
    <ClInclude Include="util.h" />
    <ClInclude Include="Network\NetworkPacket.h" />
    <ClInclude Include="Holdable.h" />
    <ClInclude Include="DepthMap.h" />
    <ClInclude Include="glm.h" />
    <ClInclude Include="UI\imgui\imgui_internal.h" />
    <ClInclude Include="UI\imgui\imgui_impl_glfw_gl3.h" />
    <ClInclude Include="UI\imgui\stb_rect_pack.h" />
    <ClInclude Include="UI\imgui\stb_textedit.h" />
    <ClInclude Include="UI\imgui\stb_truetype.h" />
    <ClInclude Include="UI\imgui\imgui_impl_opengl3.h" />
    <ClInclude Include="UI\imgui\imgui_impl_opengl3_loader.h" />
    <ClInclude Include="UI\imgui\imstb_rectpack.h" />
    <ClInclude Include="UI\imgui\imstb_textedit.h" />
    <ClInclude Include="UI\imgui\imstb_truetype.h" />
    <ClInclude Include="UI\imgui\imconfig.h" />
    <ClInclude Include="UI\imgui\imgui.h" />
    <ClInclude Include="UI\imgui\imgui_impl_glfw.h" />
    <ClInclude Include="UI\GUI.h" />
    <ClInclude Include="Seed.h" />
    <ClInclude Include="World.h" />
    <ClInclude Include="FBO.h" />
    <ClInclude Include="Particle.h" />
    <ClInclude Include="ConfigReader.h" />
    <ClInclude Include="GardenTool.h" />
    <ClInclude Include="Shovel.h" />
    <ClInclude Include="Hoe.h" />
    <ClInclude Include="Poison.h" />
    <ClInclude Include="VeggieNet.h" />
    <ClInclude Include="WateringCan.h" />
    <ClInclude Include="Fertilizer.h" />
    <ClInclude Include="Glue.h" />
    <ClInclude Include="SoundEngine.h" />
  </ItemGroup>
  <ItemGroup>
    <None Include="packages.config" />
    <None Include="shaders\animation.frag" />
    <None Include="shaders\animation.vert" />
    <None Include="shaders\model.frag" />
    <None Include="shaders\model.vert" />
    <None Include="shaders\shader.frag" />
    <None Include="shaders\shader.vert" />
    <None Include="ClassDiagram.cd" />
    <None Include="shaders\shadows.frag" />
    <None Include="shaders\shadows.vert" />
    <None Include="shaders\world.frag" />
    <None Include="shaders\world.vert" />
  </ItemGroup>
  <ItemGroup>
    <Image Include="UI\Pictures\p1.jpg" />
    <Image Include="UI\Pictures\p2.jpg" />
    <Image Include="..\..\..\Downloads\saleboard.png" />
  </ItemGroup>
</Project>